
Microsoft Visual Studio Solution File, Format Version 12.00
# Visual Studio Version 17
VisualStudioVersion = 17.14.37012.4
MinimumVisualStudioVersion = 10.0.40219.1
Project("{FAE04EC0-301F-11D3-BF4B-00C04F79EFBC}") = "Agenda.Api", "Agenda.Api\Agenda.Api.csproj", "{1D42BD20-80BC-4084-A82B-A2C23D16A903}"
EndProject
Project("{FAE04EC0-301F-11D3-BF4B-00C04F79EFBC}") = "Agenda.Domain", "Agenda.Domain\Agenda.Domain.csproj", "{AEC5D87F-BE67-4EEB-B76F-447767B36B7B}"
EndProject
Project("{FAE04EC0-301F-11D3-BF4B-00C04F79EFBC}") = "Agenda.DB.Local", "Agenda.DB.Local\Agenda.DB.Local.csproj", "{6B6EA0B9-6DF2-4E34-8C0E-B67C1C6B7EF0}"
EndProject
Project("{FAE04EC0-301F-11D3-BF4B-00C04F79EFBC}") = "Agenda.Login.Grpc", "Agenda.Login.Grpc\Agenda.Login.Grpc.csproj", "{7B52E479-44BD-4778-B97B-B9EE2CEAC3E0}"
EndProject
Project("{FAE04EC0-301F-11D3-BF4B-00C04F79EFBC}") = "Agenda.Common", "Agenda.Common\Agenda.Common.csproj", "{EEA071DE-963D-473E-AEB5-4AF7DA75E57B}"
EndProject
Project("{FAE04EC0-301F-11D3-BF4B-00C04F79EFBC}") = "Agenda.UserDb.Local", "Agenda.UserDb.Local\Agenda.UserDb.Local.csproj", "{9D0A9C6F-BC26-4521-8A1C-87C2040F380D}"
EndProject
Project("{2150E333-8FDC-42A3-9474-1A3956D46DE8}") = "1.Docs", "1.Docs", "{02EA681E-C7D8-13C7-8484-4AC65E1B71E8}"
	ProjectSection(SolutionItems) = preProject
		..\Docs\Dependencies.md = ..\Docs\Dependencies.md
		..\Docs\EF.md = ..\Docs\EF.md
		..\Docs\EnvironmentVariables.md = ..\Docs\EnvironmentVariables.md
	EndProjectSection
EndProject
Project("{FAE04EC0-301F-11D3-BF4B-00C04F79EFBC}") = "Agenda.WinForms", "Agenda.WinForms\Agenda.WinForms.csproj", "{A1AC3852-8D05-4D08-86D6-3D34440C9957}"
EndProject
Project("{2150E333-8FDC-42A3-9474-1A3956D46DE8}") = "4.UI", "4.UI", "{88721976-1769-4003-BC6D-B57E0D2A0690}"
EndProject
Project("{2150E333-8FDC-42A3-9474-1A3956D46DE8}") = "3.Back", "3.Back", "{7C48F54F-3B18-4905-BCBB-51A8DB559A80}"
EndProject
Project("{2150E333-8FDC-42A3-9474-1A3956D46DE8}") = "2.Common", "2.Common", "{6F546EF8-59B6-4D33-B1CB-52DCCBAB0EFC}"
EndProject
Project("{2150E333-8FDC-42A3-9474-1A3956D46DE8}") = "1.User", "1.User", "{C8E2CCB8-46B9-4CCF-B954-E79D05AADB06}"
EndProject
Project("{2150E333-8FDC-42A3-9474-1A3956D46DE8}") = "3.Api", "3.Api", "{0F71C1D9-6B3F-4465-A741-F325AFF5A770}"
EndProject
Project("{2150E333-8FDC-42A3-9474-1A3956D46DE8}") = "2.Appointment", "2.Appointment", "{1A1DF58E-B234-4E7B-B894-15F43E4AFA37}"
EndProject
Project("{FAE04EC0-301F-11D3-BF4B-00C04F79EFBC}") = "Agenda.WPF", "Agenda.WPF\Agenda.WPF.csproj", "{6162BBEB-C873-4E9C-BBA7-63AEE1588CF7}"
EndProject
Project("{FAE04EC0-301F-11D3-BF4B-00C04F79EFBC}") = "Agenda.UI.Common", "Agenda.UI.Common\Agenda.UI.Common.csproj", "{7DCA4BA2-2723-476A-98E8-DF4FE5E33128}"
EndProject
Project("{FAE04EC0-301F-11D3-BF4B-00C04F79EFBC}") = "Agenda.User.Grpc", "Agenda.User.Grpc\Agenda.User.Grpc.csproj", "{8A94B4F6-14F5-4F15-B0C2-E234DF004003}"
EndProject
Project("{FAE04EC0-301F-11D3-BF4B-00C04F79EFBC}") = "Agenda.Blazor", "Agenda.Blazor\Agenda.Blazor.csproj", "{EDCA8CA4-2267-4C67-B472-9435A05E9D72}"
EndProject
Project("{2150E333-8FDC-42A3-9474-1A3956D46DE8}") = "1.Common", "1.Common", "{4D1CBF55-0AB6-4614-A0A2-BA23A01FED45}"
EndProject
Project("{2150E333-8FDC-42A3-9474-1A3956D46DE8}") = "2.UI", "2.UI", "{CE1D9E39-8723-4E0D-B736-663AAB221DD6}"
EndProject
Project("{2150E333-8FDC-42A3-9474-1A3956D46DE8}") = "5.UnitTest", "5.UnitTest", "{8EE3D9B3-301B-43A3-AB8C-F588BEBB1A3C}"
EndProject
Project("{2150E333-8FDC-42A3-9474-1A3956D46DE8}") = "Diagramas", "Diagramas", "{33551357-71F2-4D97-BE5E-4C05227D52C4}"
	ProjectSection(SolutionItems) = preProject
		..\Docs\Diagramas\Diagrama de la solución simple.png = ..\Docs\Diagramas\Diagrama de la solución simple.png
		..\Docs\Diagramas\Diagrama de la solución.png = ..\Docs\Diagramas\Diagrama de la solución.png
	EndProjectSection
EndProject
Project("{FAE04EC0-301F-11D3-BF4B-00C04F79EFBC}") = "TestLibrary", "TestLibrary\TestLibrary.csproj", "{00F82224-7D60-4AD4-BB12-E4C886C892D1}"
EndProject
Project("{FAE04EC0-301F-11D3-BF4B-00C04F79EFBC}") = "TestLibrary.Test", "TestLibrary.Test\TestLibrary.Test.csproj", "{56719765-721C-47A9-AAB6-200AEE42C225}"
EndProject
Global
	GlobalSection(SolutionConfigurationPlatforms) = preSolution
		Debug|Any CPU = Debug|Any CPU
		Release|Any CPU = Release|Any CPU
	EndGlobalSection
	GlobalSection(ProjectConfigurationPlatforms) = postSolution
		{1D42BD20-80BC-4084-A82B-A2C23D16A903}.Debug|Any CPU.ActiveCfg = Debug|Any CPU
		{1D42BD20-80BC-4084-A82B-A2C23D16A903}.Debug|Any CPU.Build.0 = Debug|Any CPU
		{1D42BD20-80BC-4084-A82B-A2C23D16A903}.Release|Any CPU.ActiveCfg = Release|Any CPU
		{1D42BD20-80BC-4084-A82B-A2C23D16A903}.Release|Any CPU.Build.0 = Release|Any CPU
		{AEC5D87F-BE67-4EEB-B76F-447767B36B7B}.Debug|Any CPU.ActiveCfg = Debug|Any CPU
		{AEC5D87F-BE67-4EEB-B76F-447767B36B7B}.Debug|Any CPU.Build.0 = Debug|Any CPU
		{AEC5D87F-BE67-4EEB-B76F-447767B36B7B}.Release|Any CPU.ActiveCfg = Release|Any CPU
		{AEC5D87F-BE67-4EEB-B76F-447767B36B7B}.Release|Any CPU.Build.0 = Release|Any CPU
		{6B6EA0B9-6DF2-4E34-8C0E-B67C1C6B7EF0}.Debug|Any CPU.ActiveCfg = Debug|Any CPU
		{6B6EA0B9-6DF2-4E34-8C0E-B67C1C6B7EF0}.Debug|Any CPU.Build.0 = Debug|Any CPU
		{6B6EA0B9-6DF2-4E34-8C0E-B67C1C6B7EF0}.Release|Any CPU.ActiveCfg = Release|Any CPU
		{6B6EA0B9-6DF2-4E34-8C0E-B67C1C6B7EF0}.Release|Any CPU.Build.0 = Release|Any CPU
		{7B52E479-44BD-4778-B97B-B9EE2CEAC3E0}.Debug|Any CPU.ActiveCfg = Debug|Any CPU
		{7B52E479-44BD-4778-B97B-B9EE2CEAC3E0}.Debug|Any CPU.Build.0 = Debug|Any CPU
		{7B52E479-44BD-4778-B97B-B9EE2CEAC3E0}.Release|Any CPU.ActiveCfg = Release|Any CPU
		{7B52E479-44BD-4778-B97B-B9EE2CEAC3E0}.Release|Any CPU.Build.0 = Release|Any CPU
		{EEA071DE-963D-473E-AEB5-4AF7DA75E57B}.Debug|Any CPU.ActiveCfg = Debug|Any CPU
		{EEA071DE-963D-473E-AEB5-4AF7DA75E57B}.Debug|Any CPU.Build.0 = Debug|Any CPU
		{EEA071DE-963D-473E-AEB5-4AF7DA75E57B}.Release|Any CPU.ActiveCfg = Release|Any CPU
		{EEA071DE-963D-473E-AEB5-4AF7DA75E57B}.Release|Any CPU.Build.0 = Release|Any CPU
		{9D0A9C6F-BC26-4521-8A1C-87C2040F380D}.Debug|Any CPU.ActiveCfg = Debug|Any CPU
		{9D0A9C6F-BC26-4521-8A1C-87C2040F380D}.Debug|Any CPU.Build.0 = Debug|Any CPU
		{9D0A9C6F-BC26-4521-8A1C-87C2040F380D}.Release|Any CPU.ActiveCfg = Release|Any CPU
		{9D0A9C6F-BC26-4521-8A1C-87C2040F380D}.Release|Any CPU.Build.0 = Release|Any CPU
		{A1AC3852-8D05-4D08-86D6-3D34440C9957}.Debug|Any CPU.ActiveCfg = Debug|Any CPU
		{A1AC3852-8D05-4D08-86D6-3D34440C9957}.Debug|Any CPU.Build.0 = Debug|Any CPU
		{A1AC3852-8D05-4D08-86D6-3D34440C9957}.Release|Any CPU.ActiveCfg = Release|Any CPU
		{A1AC3852-8D05-4D08-86D6-3D34440C9957}.Release|Any CPU.Build.0 = Release|Any CPU
		{6162BBEB-C873-4E9C-BBA7-63AEE1588CF7}.Debug|Any CPU.ActiveCfg = Debug|Any CPU
		{6162BBEB-C873-4E9C-BBA7-63AEE1588CF7}.Debug|Any CPU.Build.0 = Debug|Any CPU
		{6162BBEB-C873-4E9C-BBA7-63AEE1588CF7}.Release|Any CPU.ActiveCfg = Release|Any CPU
		{6162BBEB-C873-4E9C-BBA7-63AEE1588CF7}.Release|Any CPU.Build.0 = Release|Any CPU
		{7DCA4BA2-2723-476A-98E8-DF4FE5E33128}.Debug|Any CPU.ActiveCfg = Debug|Any CPU
		{7DCA4BA2-2723-476A-98E8-DF4FE5E33128}.Debug|Any CPU.Build.0 = Debug|Any CPU
		{7DCA4BA2-2723-476A-98E8-DF4FE5E33128}.Release|Any CPU.ActiveCfg = Release|Any CPU
		{7DCA4BA2-2723-476A-98E8-DF4FE5E33128}.Release|Any CPU.Build.0 = Release|Any CPU
		{8A94B4F6-14F5-4F15-B0C2-E234DF004003}.Debug|Any CPU.ActiveCfg = Debug|Any CPU
		{8A94B4F6-14F5-4F15-B0C2-E234DF004003}.Debug|Any CPU.Build.0 = Debug|Any CPU
		{8A94B4F6-14F5-4F15-B0C2-E234DF004003}.Release|Any CPU.ActiveCfg = Release|Any CPU
		{8A94B4F6-14F5-4F15-B0C2-E234DF004003}.Release|Any CPU.Build.0 = Release|Any CPU
		{EDCA8CA4-2267-4C67-B472-9435A05E9D72}.Debug|Any CPU.ActiveCfg = Debug|Any CPU
		{EDCA8CA4-2267-4C67-B472-9435A05E9D72}.Debug|Any CPU.Build.0 = Debug|Any CPU
		{EDCA8CA4-2267-4C67-B472-9435A05E9D72}.Release|Any CPU.ActiveCfg = Release|Any CPU
		{EDCA8CA4-2267-4C67-B472-9435A05E9D72}.Release|Any CPU.Build.0 = Release|Any CPU
		{00F82224-7D60-4AD4-BB12-E4C886C892D1}.Debug|Any CPU.ActiveCfg = Debug|Any CPU
		{00F82224-7D60-4AD4-BB12-E4C886C892D1}.Debug|Any CPU.Build.0 = Debug|Any CPU
		{00F82224-7D60-4AD4-BB12-E4C886C892D1}.Release|Any CPU.ActiveCfg = Release|Any CPU
		{00F82224-7D60-4AD4-BB12-E4C886C892D1}.Release|Any CPU.Build.0 = Release|Any CPU
		{56719765-721C-47A9-AAB6-200AEE42C225}.Debug|Any CPU.ActiveCfg = Debug|Any CPU
		{56719765-721C-47A9-AAB6-200AEE42C225}.Debug|Any CPU.Build.0 = Debug|Any CPU
		{56719765-721C-47A9-AAB6-200AEE42C225}.Release|Any CPU.ActiveCfg = Release|Any CPU
		{56719765-721C-47A9-AAB6-200AEE42C225}.Release|Any CPU.Build.0 = Release|Any CPU
	EndGlobalSection
	GlobalSection(SolutionProperties) = preSolution
		HideSolutionNode = FALSE
	EndGlobalSection
	GlobalSection(NestedProjects) = preSolution
		{1D42BD20-80BC-4084-A82B-A2C23D16A903} = {0F71C1D9-6B3F-4465-A741-F325AFF5A770}
		{AEC5D87F-BE67-4EEB-B76F-447767B36B7B} = {6F546EF8-59B6-4D33-B1CB-52DCCBAB0EFC}
		{6B6EA0B9-6DF2-4E34-8C0E-B67C1C6B7EF0} = {1A1DF58E-B234-4E7B-B894-15F43E4AFA37}
		{7B52E479-44BD-4778-B97B-B9EE2CEAC3E0} = {C8E2CCB8-46B9-4CCF-B954-E79D05AADB06}
		{EEA071DE-963D-473E-AEB5-4AF7DA75E57B} = {6F546EF8-59B6-4D33-B1CB-52DCCBAB0EFC}
		{9D0A9C6F-BC26-4521-8A1C-87C2040F380D} = {C8E2CCB8-46B9-4CCF-B954-E79D05AADB06}
		{A1AC3852-8D05-4D08-86D6-3D34440C9957} = {CE1D9E39-8723-4E0D-B736-663AAB221DD6}
		{C8E2CCB8-46B9-4CCF-B954-E79D05AADB06} = {7C48F54F-3B18-4905-BCBB-51A8DB559A80}
		{0F71C1D9-6B3F-4465-A741-F325AFF5A770} = {7C48F54F-3B18-4905-BCBB-51A8DB559A80}
		{1A1DF58E-B234-4E7B-B894-15F43E4AFA37} = {7C48F54F-3B18-4905-BCBB-51A8DB559A80}
		{6162BBEB-C873-4E9C-BBA7-63AEE1588CF7} = {CE1D9E39-8723-4E0D-B736-663AAB221DD6}
		{7DCA4BA2-2723-476A-98E8-DF4FE5E33128} = {4D1CBF55-0AB6-4614-A0A2-BA23A01FED45}
		{8A94B4F6-14F5-4F15-B0C2-E234DF004003} = {C8E2CCB8-46B9-4CCF-B954-E79D05AADB06}
		{EDCA8CA4-2267-4C67-B472-9435A05E9D72} = {CE1D9E39-8723-4E0D-B736-663AAB221DD6}
		{4D1CBF55-0AB6-4614-A0A2-BA23A01FED45} = {88721976-1769-4003-BC6D-B57E0D2A0690}
		{CE1D9E39-8723-4E0D-B736-663AAB221DD6} = {88721976-1769-4003-BC6D-B57E0D2A0690}
		{33551357-71F2-4D97-BE5E-4C05227D52C4} = {02EA681E-C7D8-13C7-8484-4AC65E1B71E8}
		{00F82224-7D60-4AD4-BB12-E4C886C892D1} = {8EE3D9B3-301B-43A3-AB8C-F588BEBB1A3C}
		{56719765-721C-47A9-AAB6-200AEE42C225} = {8EE3D9B3-301B-43A3-AB8C-F588BEBB1A3C}
	EndGlobalSection
	GlobalSection(ExtensibilityGlobals) = postSolution
		SolutionGuid = {6089EA69-B9CD-474D-9854-4B6492C24212}
	EndGlobalSection
EndGlobal
